
Microsoft Visual Studio Solution File, Format Version 12.00
# Visual Studio 15
VisualStudioVersion = 15.0.26730.12
MinimumVisualStudioVersion = 10.0.40219.1
Project("{2150E333-8FDC-42A3-9474-1A3956D46DE8}") = "Solution Task", "Solution Task", "{E052311B-63B2-4D7D-ADFF-955F686639B4}"
	ProjectSection(SolutionItems) = preProject
		Advanced9第十二次homework.txt = Advanced9第十二次homework.txt
	EndProjectSection
EndProject
Project("{FAE04EC0-301F-11D3-BF4B-00C04F79EFBC}") = "WebMvc5", "WebMvc5\WebMvc5.csproj", "{1EECDFC4-6530-4D67-A1EA-894728031DC6}"
EndProject
Project("{FAE04EC0-301F-11D3-BF4B-00C04F79EFBC}") = "WebMvc5.Tests", "WebMvc5.Tests\WebMvc5.Tests.csproj", "{C1B0C5C6-5CE5-4E72-A9C7-F933A8BABE2D}"
EndProject
Project("{FAE04EC0-301F-11D3-BF4B-00C04F79EFBC}") = "EF.Model", "EF.Model\EF.Model.csproj", "{3015F80E-CE5F-44B5-89A2-2789EFF00109}"
EndProject
Project("{FAE04EC0-301F-11D3-BF4B-00C04F79EFBC}") = "UnityIOC", "UnityIOC\UnityIOC.csproj", "{8653B881-887B-4A0A-8D78-5BB7FD7437A4}"
EndProject
Project("{FAE04EC0-301F-11D3-BF4B-00C04F79EFBC}") = "Bussiness.IService", "Bussiness.Interface\Bussiness.IService.csproj", "{3835F109-CB64-4487-8F8F-8304AA38F089}"
EndProject
Project("{FAE04EC0-301F-11D3-BF4B-00C04F79EFBC}") = "Bussiness.Service", "Bussiness.Service\Bussiness.Service.csproj", "{DE5E0DFB-E435-4D47-95F5-69E7664DB91F}"
EndProject
Project("{FAE04EC0-301F-11D3-BF4B-00C04F79EFBC}") = "UnityIOC.Tests", "UnityIOC.Tests\UnityIOC.Tests.csproj", "{A55D9C88-A8E0-4015-A259-9A5B4B8D1B1C}"
EndProject
Project("{FAE04EC0-301F-11D3-BF4B-00C04F79EFBC}") = "Service.Model", "Service.Model\Service.Model.csproj", "{9A496692-9270-45E5-B9FF-74AD686B9C53}"
EndProject
Global
	GlobalSection(SolutionConfigurationPlatforms) = preSolution
		Debug|Any CPU = Debug|Any CPU
		Release|Any CPU = Release|Any CPU
	EndGlobalSection
	GlobalSection(ProjectConfigurationPlatforms) = postSolution
		{1EECDFC4-6530-4D67-A1EA-894728031DC6}.Debug|Any CPU.ActiveCfg = Debug|Any CPU
		{1EECDFC4-6530-4D67-A1EA-894728031DC6}.Debug|Any CPU.Build.0 = Debug|Any CPU
		{1EECDFC4-6530-4D67-A1EA-894728031DC6}.Release|Any CPU.ActiveCfg = Release|Any CPU
		{1EECDFC4-6530-4D67-A1EA-894728031DC6}.Release|Any CPU.Build.0 = Release|Any CPU
		{C1B0C5C6-5CE5-4E72-A9C7-F933A8BABE2D}.Debug|Any CPU.ActiveCfg = Debug|Any CPU
		{C1B0C5C6-5CE5-4E72-A9C7-F933A8BABE2D}.Debug|Any CPU.Build.0 = Debug|Any CPU
		{C1B0C5C6-5CE5-4E72-A9C7-F933A8BABE2D}.Release|Any CPU.ActiveCfg = Release|Any CPU
		{C1B0C5C6-5CE5-4E72-A9C7-F933A8BABE2D}.Release|Any CPU.Build.0 = Release|Any CPU
		{3015F80E-CE5F-44B5-89A2-2789EFF00109}.Debug|Any CPU.ActiveCfg = Debug|Any CPU
		{3015F80E-CE5F-44B5-89A2-2789EFF00109}.Debug|Any CPU.Build.0 = Debug|Any CPU
		{3015F80E-CE5F-44B5-89A2-2789EFF00109}.Release|Any CPU.ActiveCfg = Release|Any CPU
		{3015F80E-CE5F-44B5-89A2-2789EFF00109}.Release|Any CPU.Build.0 = Release|Any CPU
		{8653B881-887B-4A0A-8D78-5BB7FD7437A4}.Debug|Any CPU.ActiveCfg = Debug|Any CPU
		{8653B881-887B-4A0A-8D78-5BB7FD7437A4}.Debug|Any CPU.Build.0 = Debug|Any CPU
		{8653B881-887B-4A0A-8D78-5BB7FD7437A4}.Release|Any CPU.ActiveCfg = Release|Any CPU
		{8653B881-887B-4A0A-8D78-5BB7FD7437A4}.Release|Any CPU.Build.0 = Release|Any CPU
		{3835F109-CB64-4487-8F8F-8304AA38F089}.Debug|Any CPU.ActiveCfg = Debug|Any CPU
		{3835F109-CB64-4487-8F8F-8304AA38F089}.Debug|Any CPU.Build.0 = Debug|Any CPU
		{3835F109-CB64-4487-8F8F-8304AA38F089}.Release|Any CPU.ActiveCfg = Release|Any CPU
		{3835F109-CB64-4487-8F8F-8304AA38F089}.Release|Any CPU.Build.0 = Release|Any CPU
		{DE5E0DFB-E435-4D47-95F5-69E7664DB91F}.Debug|Any CPU.ActiveCfg = Debug|Any CPU
		{DE5E0DFB-E435-4D47-95F5-69E7664DB91F}.Debug|Any CPU.Build.0 = Debug|Any CPU
		{DE5E0DFB-E435-4D47-95F5-69E7664DB91F}.Release|Any CPU.ActiveCfg = Release|Any CPU
		{DE5E0DFB-E435-4D47-95F5-69E7664DB91F}.Release|Any CPU.Build.0 = Release|Any CPU
		{A55D9C88-A8E0-4015-A259-9A5B4B8D1B1C}.Debug|Any CPU.ActiveCfg = Debug|Any CPU
		{A55D9C88-A8E0-4015-A259-9A5B4B8D1B1C}.Debug|Any CPU.Build.0 = Debug|Any CPU
		{A55D9C88-A8E0-4015-A259-9A5B4B8D1B1C}.Release|Any CPU.ActiveCfg = Release|Any CPU
		{A55D9C88-A8E0-4015-A259-9A5B4B8D1B1C}.Release|Any CPU.Build.0 = Release|Any CPU
		{9A496692-9270-45E5-B9FF-74AD686B9C53}.Debug|Any CPU.ActiveCfg = Debug|Any CPU
		{9A496692-9270-45E5-B9FF-74AD686B9C53}.Debug|Any CPU.Build.0 = Debug|Any CPU
		{9A496692-9270-45E5-B9FF-74AD686B9C53}.Release|Any CPU.ActiveCfg = Release|Any CPU
		{9A496692-9270-45E5-B9FF-74AD686B9C53}.Release|Any CPU.Build.0 = Release|Any CPU
	EndGlobalSection
	GlobalSection(SolutionProperties) = preSolution
		HideSolutionNode = FALSE
	EndGlobalSection
	GlobalSection(ExtensibilityGlobals) = postSolution
		SolutionGuid = {38903D90-C71C-49C2-9188-6418DCCF4B33}
	EndGlobalSection
EndGlobal
